
Microsoft Visual Studio Solution File, Format Version 12.00
# Visual Studio Version 16
VisualStudioVersion = 16.0.31019.35
MinimumVisualStudioVersion = 10.0.40219.1
Project("{FAE04EC0-301F-11D3-BF4B-00C04F79EFBC}") = "AttendanceMgmtFYP", "AttendanceMgmtFYP\AttendanceMgmtFYP.csproj", "{B47BDED8-F07D-4C7A-8D14-B412EFE58667}"
EndProject
Global
	GlobalSection(SolutionConfigurationPlatforms) = preSolution
		Debug|Any CPU = Debug|Any CPU
		Release|Any CPU = Release|Any CPU
	EndGlobalSection
	GlobalSection(ProjectConfigurationPlatforms) = postSolution
		{B47BDED8-F07D-4C7A-8D14-B412EFE58667}.Debug|Any CPU.ActiveCfg = Debug|Any CPU
		{B47BDED8-F07D-4C7A-8D14-B412EFE58667}.Debug|Any CPU.Build.0 = Debug|Any CPU
		{B47BDED8-F07D-4C7A-8D14-B412EFE58667}.Release|Any CPU.ActiveCfg = Release|Any CPU
		{B47BDED8-F07D-4C7A-8D14-B412EFE58667}.Release|Any CPU.Build.0 = Release|Any CPU
	EndGlobalSection
	GlobalSection(SolutionProperties) = preSolution
		HideSolutionNode = FALSE
	EndGlobalSection
	GlobalSection(ExtensibilityGlobals) = postSolution
		SolutionGuid = {AC28646F-F638-4C52-987B-AA91F17CE809}
	EndGlobalSection
EndGlobal
